PODS:
  - Flutter (1.0.0)
  - FlutterPluginRegistrant (0.0.1):
    - Flutter
  - hi_flutter (0.0.1):
    - Flutter
  - HiRouter/Core (1.0.0)
  - HiRouter/Web (1.0.0):
    - HiRouter/Core
  - LookinServer (1.0.4)
  - Nimble (9.2.1)
  - Quick (4.0.0)
  - SnapKit (5.0.1)

DEPENDENCIES:
  - Flutter (from `../hi_flutter/.ios/Flutter/engine`)
  - FlutterPluginRegistrant (from `../hi_flutter/.ios/Flutter/FlutterPluginRegistrant`)
  - hi_flutter (from `../hi_flutter/.ios/Flutter`)
  - HiRouter/Core (from `../../`)
  - HiRouter/Web (from `../../`)
  - LookinServer
  - Nimble (~> 9.2.1)
  - Quick (~> 4.0.0)
  - SnapKit (= 5.0.1)

SPEC REPOS:
  trunk:
    - LookinServer
    - Nimble
    - Quick
    - SnapKit

EXTERNAL SOURCES:
  Flutter:
    :path: "../hi_flutter/.ios/Flutter/engine"
  FlutterPluginRegistrant:
    :path: "../hi_flutter/.ios/Flutter/FlutterPluginRegistrant"
  hi_flutter:
    :path: "../hi_flutter/.ios/Flutter"
  HiRouter:
    :path: "../../"

SPEC CHECKSUMS:
  Flutter: bdfa2e8fe0e2880a2c6a58a0b1a8675c262a07af
  FlutterPluginRegistrant: 2afd5ea46d3a949472c9b7da6462d8fbf7d8b16e
  hi_flutter: b81817145315c86543a892c6954185c2935688f5
  HiRouter: 7dbcae1e9340164504c191a09db73e6c2e51cb43
  LookinServer: 743c1681771d0a8dcc38825325a080c3186404a5
  Nimble: e7e615c0335ee4bf5b0d786685451e62746117d5
  Quick: 6473349e43b9271a8d43839d9ba1c442ed1b7ac4
  SnapKit: 97b92857e3df3a0c71833cce143274bf6ef8e5eb

PODFILE CHECKSUM: a4e13c5e083ea440554e9595539aacaaace253f8

COCOAPODS: 1.11.2
