// !$*UTF8*$!
{
	archiveVersion = 1;
	classes = {
	};
	objectVersion = 46;
	objects = {

/* Begin PBXBuildFile section */
		276B54BD5E230A5DB695C299 /* libPods-HiRouter_Tests.a in Frameworks */ = {isa = PBXBuildFile; fileRef = 82FC9E4B6FF01081428423AC /* libPods-HiRouter_Tests.a */; };
		3F31B7A6279FD56A00046163 /* web_test.html in Resources */ = {isa = PBXBuildFile; fileRef = 3F31B7A5279FD56900046163 /* web_test.html */; };
		3F55F7D02785405700B46F40 /* HiFlutterViewController.swift in Sources */ = {isa = PBXBuildFile; fileRef = 3F55F7CF2785405600B46F40 /* HiFlutterViewController.swift */; };
		3F55F7D22785461A00B46F40 /* NavigationViewController.swift in Sources */ = {isa = PBXBuildFile; fileRef = 3F55F7D12785461A00B46F40 /* NavigationViewController.swift */; };
		3F55F7D42785465E00B46F40 /* TabBarViewController.swift in Sources */ = {isa = PBXBuildFile; fileRef = 3F55F7D32785465E00B46F40 /* TabBarViewController.swift */; };
		3F55F7D82785483300B46F40 /* FlutterController.swift in Sources */ = {isa = PBXBuildFile; fileRef = 3F55F7D72785483300B46F40 /* FlutterController.swift */; };
		3F55F7DB2785489F00B46F40 /* NativeController.swift in Sources */ = {isa = PBXBuildFile; fileRef = 3F55F7D92785489F00B46F40 /* NativeController.swift */; };
		3F55F7DC2785489F00B46F40 /* WebController.swift in Sources */ = {isa = PBXBuildFile; fileRef = 3F55F7DA2785489F00B46F40 /* WebController.swift */; };
		3F8C0B4C2787EE5D00237D17 /* Tests.swift in Sources */ = {isa = PBXBuildFile; fileRef = 3F8C0B4B2787EE5D00237D17 /* Tests.swift */; };
		3F8C0D23278844B500237D17 /* PageMissingViewController.swift in Sources */ = {isa = PBXBuildFile; fileRef = 3F8C0D22278844B500237D17 /* PageMissingViewController.swift */; };
		3F8C0D272788461000237D17 /* NativeRouter.swift in Sources */ = {isa = PBXBuildFile; fileRef = 3F8C0D262788461000237D17 /* NativeRouter.swift */; };
		3F8C3F11278D715600237D17 /* WebRouter.swift in Sources */ = {isa = PBXBuildFile; fileRef = 3F8C3F10278D715600237D17 /* WebRouter.swift */; };
		3F8C3F13278D722C00237D17 /* FlutterRouter.swift in Sources */ = {isa = PBXBuildFile; fileRef = 3F8C3F12278D722C00237D17 /* FlutterRouter.swift */; };
		3F8C3F15278D72D200237D17 /* AppDelegate+Router.swift in Sources */ = {isa = PBXBuildFile; fileRef = 3F8C3F14278D72D200237D17 /* AppDelegate+Router.swift */; };
		607FACD61AFB9204008FA782 /* AppDelegate.swift in Sources */ = {isa = PBXBuildFile; fileRef = 607FACD51AFB9204008FA782 /* AppDelegate.swift */; };
		607FACDD1AFB9204008FA782 /* Images.xcassets in Resources */ = {isa = PBXBuildFile; fileRef = 607FACDC1AFB9204008FA782 /* Images.xcassets */; };
		607FACE01AFB9204008FA782 /* LaunchScreen.xib in Resources */ = {isa = PBXBuildFile; fileRef = 607FACDE1AFB9204008FA782 /* LaunchScreen.xib */; };
		99BFA88C45021410C29405D0 /* libPods-HiRouter_Example.a in Frameworks */ = {isa = PBXBuildFile; fileRef = AA30CAFF73552E47912FDB33 /* libPods-HiRouter_Example.a */; };
/* End PBXBuildFile section */

/* Begin PBXContainerItemProxy section */
		607FACE61AFB9204008FA782 /* PBXContainerItemProxy */ = {
			isa = PBXContainerItemProxy;
			containerPortal = 607FACC81AFB9204008FA782 /* Project object */;
			proxyType = 1;
			remoteGlobalIDString = 607FACCF1AFB9204008FA782;
			remoteInfo = HiRouter;
		};
/* End PBXContainerItemProxy section */

/* Begin PBXFileReference section */
		0399C00D2B6F62D66D01A2C6 /* Pods-HiRouter_Example.debug.xcconfig */ = {isa = PBXFileReference; includeInIndex = 1; lastKnownFileType = text.xcconfig; name = "Pods-HiRouter_Example.debug.xcconfig"; path = "Target Support Files/Pods-HiRouter_Example/Pods-HiRouter_Example.debug.xcconfig"; sourceTree = "<group>"; };
		2148EE05714EB9764F296BFE /* Pods-HiRouter_Tests.release.xcconfig */ = {isa = PBXFileReference; includeInIndex = 1; lastKnownFileType = text.xcconfig; name = "Pods-HiRouter_Tests.release.xcconfig"; path = "Target Support Files/Pods-HiRouter_Tests/Pods-HiRouter_Tests.release.xcconfig"; sourceTree = "<group>"; };
		3F31B7A5279FD56900046163 /* web_test.html */ = {isa = PBXFileReference; fileEncoding = 4; lastKnownFileType = text.html; path = web_test.html; sourceTree = "<group>"; };
		3F55F7CF2785405600B46F40 /* HiFlutterViewController.swift */ = {isa = PBXFileReference; lastKnownFileType = sourcecode.swift; path = HiFlutterViewController.swift; sourceTree = "<group>"; };
		3F55F7D12785461A00B46F40 /* NavigationViewController.swift */ = {isa = PBXFileReference; lastKnownFileType = sourcecode.swift; path = NavigationViewController.swift; sourceTree = "<group>"; };
		3F55F7D32785465E00B46F40 /* TabBarViewController.swift */ = {isa = PBXFileReference; lastKnownFileType = sourcecode.swift; path = TabBarViewController.swift; sourceTree = "<group>"; };
		3F55F7D72785483300B46F40 /* FlutterController.swift */ = {isa = PBXFileReference; lastKnownFileType = sourcecode.swift; path = FlutterController.swift; sourceTree = "<group>"; };
		3F55F7D92785489F00B46F40 /* NativeController.swift */ = {isa = PBXFileReference; fileEncoding = 4; lastKnownFileType = sourcecode.swift; path = NativeController.swift; sourceTree = "<group>"; };
		3F55F7DA2785489F00B46F40 /* WebController.swift */ = {isa = PBXFileReference; fileEncoding = 4; lastKnownFileType = sourcecode.swift; path = WebController.swift; sourceTree = "<group>"; };
		3F55F82727859E9400B46F40 /* RouterTests.swift */ = {isa = PBXFileReference; lastKnownFileType = sourcecode.swift; path = RouterTests.swift; sourceTree = "<group>"; };
		3F8C0B4B2787EE5D00237D17 /* Tests.swift */ = {isa = PBXFileReference; fileEncoding = 4; lastKnownFileType = sourcecode.swift; path = Tests.swift; sourceTree = "<group>"; };
		3F8C0D22278844B500237D17 /* PageMissingViewController.swift */ = {isa = PBXFileReference; lastKnownFileType = sourcecode.swift; path = PageMissingViewController.swift; sourceTree = "<group>"; };
		3F8C0D262788461000237D17 /* NativeRouter.swift */ = {isa = PBXFileReference; lastKnownFileType = sourcecode.swift; path = NativeRouter.swift; sourceTree = "<group>"; };
		3F8C3F10278D715600237D17 /* WebRouter.swift */ = {isa = PBXFileReference; lastKnownFileType = sourcecode.swift; path = WebRouter.swift; sourceTree = "<group>"; };
		3F8C3F12278D722C00237D17 /* FlutterRouter.swift */ = {isa = PBXFileReference; lastKnownFileType = sourcecode.swift; path = FlutterRouter.swift; sourceTree = "<group>"; };
		3F8C3F14278D72D200237D17 /* AppDelegate+Router.swift */ = {isa = PBXFileReference; lastKnownFileType = sourcecode.swift; path = "AppDelegate+Router.swift"; sourceTree = "<group>"; };
		607FACD01AFB9204008FA782 /* HiRouter_Example.app */ = {isa = PBXFileReference; explicitFileType = wrapper.application; includeInIndex = 0; path = HiRouter_Example.app; sourceTree = BUILT_PRODUCTS_DIR; };
		607FACD41AFB9204008FA782 /* Info.plist */ = {isa = PBXFileReference; lastKnownFileType = text.plist.xml; path = Info.plist; sourceTree = "<group>"; };
		607FACD51AFB9204008FA782 /* AppDelegate.swift */ = {isa = PBXFileReference; lastKnownFileType = sourcecode.swift; path = AppDelegate.swift; sourceTree = "<group>"; };
		607FACDC1AFB9204008FA782 /* Images.xcassets */ = {isa = PBXFileReference; lastKnownFileType = folder.assetcatalog; path = Images.xcassets; sourceTree = "<group>"; };
		607FACDF1AFB9204008FA782 /* Base */ = {isa = PBXFileReference; lastKnownFileType = file.xib; name = Base; path = Base.lproj/LaunchScreen.xib; sourceTree = "<group>"; };
		607FACE51AFB9204008FA782 /* HiRouter_Tests.xctest */ = {isa = PBXFileReference; explicitFileType = wrapper.cfbundle; includeInIndex = 0; path = HiRouter_Tests.xctest; sourceTree = BUILT_PRODUCTS_DIR; };
		607FACEA1AFB9204008FA782 /* Info.plist */ = {isa = PBXFileReference; lastKnownFileType = text.plist.xml; path = Info.plist; sourceTree = "<group>"; };
		6A45DDE7B97C29BE8766D68C /* Pods-HiRouter_Example.release.xcconfig */ = {isa = PBXFileReference; includeInIndex = 1; lastKnownFileType = text.xcconfig; name = "Pods-HiRouter_Example.release.xcconfig"; path = "Target Support Files/Pods-HiRouter_Example/Pods-HiRouter_Example.release.xcconfig"; sourceTree = "<group>"; };
		6ADCE4618D973EC56DA34FAD /* LICENSE */ = {isa = PBXFileReference; includeInIndex = 1; lastKnownFileType = text; name = LICENSE; path = ../LICENSE; sourceTree = "<group>"; };
		82FC9E4B6FF01081428423AC /* libPods-HiRouter_Tests.a */ = {isa = PBXFileReference; explicitFileType = archive.ar; includeInIndex = 0; path = "libPods-HiRouter_Tests.a"; sourceTree = BUILT_PRODUCTS_DIR; };
		83465E6EDD3F03725ACDCA4F /* HiRouter.podspec */ = {isa = PBXFileReference; includeInIndex = 1; lastKnownFileType = text; name = HiRouter.podspec; path = ../HiRouter.podspec; sourceTree = "<group>"; xcLanguageSpecificationIdentifier = xcode.lang.ruby; };
		AA30CAFF73552E47912FDB33 /* libPods-HiRouter_Example.a */ = {isa = PBXFileReference; explicitFileType = archive.ar; includeInIndex = 0; path = "libPods-HiRouter_Example.a"; sourceTree = BUILT_PRODUCTS_DIR; };
		D844FE05463AA4D0BDA37E1E /* README.md */ = {isa = PBXFileReference; includeInIndex = 1; lastKnownFileType = net.daringfireball.markdown; name = README.md; path = ../README.md; sourceTree = "<group>"; };
		DFB8D5F85E84191DAC7D75E0 /* Pods-HiRouter_Tests.debug.xcconfig */ = {isa = PBXFileReference; includeInIndex = 1; lastKnownFileType = text.xcconfig; name = "Pods-HiRouter_Tests.debug.xcconfig"; path = "Target Support Files/Pods-HiRouter_Tests/Pods-HiRouter_Tests.debug.xcconfig"; sourceTree = "<group>"; };
/* End PBXFileReference section */

/* Begin PBXFrameworksBuildPhase section */
		607FACCD1AFB9204008FA782 /* Frameworks */ = {
			isa = PBXFrameworksBuildPhase;
			buildActionMask = 2147483647;
			files = (
				99BFA88C45021410C29405D0 /* libPods-HiRouter_Example.a in Frameworks */,
			);
			runOnlyForDeploymentPostprocessing = 0;
		};
		607FACE21AFB9204008FA782 /* Frameworks */ = {
			isa = PBXFrameworksBuildPhase;
			buildActionMask = 2147483647;
			files = (
				276B54BD5E230A5DB695C299 /* libPods-HiRouter_Tests.a in Frameworks */,
			);
			runOnlyForDeploymentPostprocessing = 0;
		};
/* End PBXFrameworksBuildPhase section */

/* Begin PBXGroup section */
		3F8C0D24278845C200237D17 /* Controller */ = {
			isa = PBXGroup;
			children = (
				3F55F7D92785489F00B46F40 /* NativeController.swift */,
				3F55F7DA2785489F00B46F40 /* WebController.swift */,
				3F55F7D72785483300B46F40 /* FlutterController.swift */,
				3F55F7D12785461A00B46F40 /* NavigationViewController.swift */,
				3F55F7D32785465E00B46F40 /* TabBarViewController.swift */,
				3F55F7CF2785405600B46F40 /* HiFlutterViewController.swift */,
				3F8C0D22278844B500237D17 /* PageMissingViewController.swift */,
			);
			name = Controller;
			sourceTree = "<group>";
		};
		3F8C0D25278845CF00237D17 /* Router */ = {
			isa = PBXGroup;
			children = (
				3F8C0D262788461000237D17 /* NativeRouter.swift */,
				3F8C3F10278D715600237D17 /* WebRouter.swift */,
				3F8C3F12278D722C00237D17 /* FlutterRouter.swift */,
			);
			name = Router;
			sourceTree = "<group>";
		};
		405D399C81C734DDBD0EAA36 /* Frameworks */ = {
			isa = PBXGroup;
			children = (
				AA30CAFF73552E47912FDB33 /* libPods-HiRouter_Example.a */,
				82FC9E4B6FF01081428423AC /* libPods-HiRouter_Tests.a */,
			);
			name = Frameworks;
			sourceTree = "<group>";
		};
		607FACC71AFB9204008FA782 = {
			isa = PBXGroup;
			children = (
				607FACF51AFB993E008FA782 /* Podspec Metadata */,
				607FACD21AFB9204008FA782 /* Example for HiRouter */,
				607FACE81AFB9204008FA782 /* Tests */,
				607FACD11AFB9204008FA782 /* Products */,
				69DE98B0CE8F417E48E25A29 /* Pods */,
				405D399C81C734DDBD0EAA36 /* Frameworks */,
			);
			sourceTree = "<group>";
		};
		607FACD11AFB9204008FA782 /* Products */ = {
			isa = PBXGroup;
			children = (
				607FACD01AFB9204008FA782 /* HiRouter_Example.app */,
				607FACE51AFB9204008FA782 /* HiRouter_Tests.xctest */,
			);
			name = Products;
			sourceTree = "<group>";
		};
		607FACD21AFB9204008FA782 /* Example for HiRouter */ = {
			isa = PBXGroup;
			children = (
				3F31B7A5279FD56900046163 /* web_test.html */,
				607FACD51AFB9204008FA782 /* AppDelegate.swift */,
				3F8C3F14278D72D200237D17 /* AppDelegate+Router.swift */,
				3F8C0D25278845CF00237D17 /* Router */,
				3F8C0D24278845C200237D17 /* Controller */,
				607FACDC1AFB9204008FA782 /* Images.xcassets */,
				607FACDE1AFB9204008FA782 /* LaunchScreen.xib */,
				607FACD31AFB9204008FA782 /* Supporting Files */,
			);
			name = "Example for HiRouter";
			path = HiRouter;
			sourceTree = "<group>";
		};
		607FACD31AFB9204008FA782 /* Supporting Files */ = {
			isa = PBXGroup;
			children = (
				607FACD41AFB9204008FA782 /* Info.plist */,
			);
			name = "Supporting Files";
			sourceTree = "<group>";
		};
		607FACE81AFB9204008FA782 /* Tests */ = {
			isa = PBXGroup;
			children = (
				3F8C0B4B2787EE5D00237D17 /* Tests.swift */,
				3F55F82727859E9400B46F40 /* RouterTests.swift */,
				607FACE91AFB9204008FA782 /* Supporting Files */,
			);
			path = Tests;
			sourceTree = "<group>";
		};
		607FACE91AFB9204008FA782 /* Supporting Files */ = {
			isa = PBXGroup;
			children = (
				607FACEA1AFB9204008FA782 /* Info.plist */,
			);
			name = "Supporting Files";
			sourceTree = "<group>";
		};
		607FACF51AFB993E008FA782 /* Podspec Metadata */ = {
			isa = PBXGroup;
			children = (
				83465E6EDD3F03725ACDCA4F /* HiRouter.podspec */,
				D844FE05463AA4D0BDA37E1E /* README.md */,
				6ADCE4618D973EC56DA34FAD /* LICENSE */,
			);
			name = "Podspec Metadata";
			sourceTree = "<group>";
		};
		69DE98B0CE8F417E48E25A29 /* Pods */ = {
			isa = PBXGroup;
			children = (
				0399C00D2B6F62D66D01A2C6 /* Pods-HiRouter_Example.debug.xcconfig */,
				6A45DDE7B97C29BE8766D68C /* Pods-HiRouter_Example.release.xcconfig */,
				DFB8D5F85E84191DAC7D75E0 /* Pods-HiRouter_Tests.debug.xcconfig */,
				2148EE05714EB9764F296BFE /* Pods-HiRouter_Tests.release.xcconfig */,
			);
			path = Pods;
			sourceTree = "<group>";
		};
/* End PBXGroup section */

/* Begin PBXNativeTarget section */
		607FACCF1AFB9204008FA782 /* HiRouter_Example */ = {
			isa = PBXNativeTarget;
			buildConfigurationList = 607FACEF1AFB9204008FA782 /* Build configuration list for PBXNativeTarget "HiRouter_Example" */;
			buildPhases = (
				B60BE7ACDE08E41706D00896 /* [CP] Check Pods Manifest.lock */,
				3FFD55EC27B2716B00B29EF1 /* [CP-User] Run Flutter Build multiple_flutters_module Script */,
				08B86230591716A2E4166C22 /* [CP-User] Run Flutter Build hi_flutter Script */,
				607FACCC1AFB9204008FA782 /* Sources */,
				607FACCD1AFB9204008FA782 /* Frameworks */,
				607FACCE1AFB9204008FA782 /* Resources */,
				F596402945577EC54D2BBCA7 /* [CP] Embed Pods Frameworks */,
			);
			buildRules = (
			);
			dependencies = (
			);
			name = HiRouter_Example;
			productName = HiRouter;
			productReference = 607FACD01AFB9204008FA782 /* HiRouter_Example.app */;
			productType = "com.apple.product-type.application";
		};
		607FACE41AFB9204008FA782 /* HiRouter_Tests */ = {
			isa = PBXNativeTarget;
			buildConfigurationList = 607FACF21AFB9204008FA782 /* Build configuration list for PBXNativeTarget "HiRouter_Tests" */;
			buildPhases = (
				B8AFF2C1A38AAE4B94E81B6B /* [CP] Check Pods Manifest.lock */,
				607FACE11AFB9204008FA782 /* Sources */,
				607FACE21AFB9204008FA782 /* Frameworks */,
				607FACE31AFB9204008FA782 /* Resources */,
			);
			buildRules = (
			);
			dependencies = (
				607FACE71AFB9204008FA782 /* PBXTargetDependency */,
			);
			name = HiRouter_Tests;
			productName = Tests;
			productReference = 607FACE51AFB9204008FA782 /* HiRouter_Tests.xctest */;
			productType = "com.apple.product-type.bundle.unit-test";
		};
/* End PBXNativeTarget section */

/* Begin PBXProject section */
		607FACC81AFB9204008FA782 /* Project object */ = {
			isa = PBXProject;
			attributes = {
				LastSwiftUpdateCheck = 0830;
				LastUpgradeCheck = 0830;
				ORGANIZATIONNAME = CocoaPods;
				TargetAttributes = {
					607FACCF1AFB9204008FA782 = {
						CreatedOnToolsVersion = 6.3.1;
						LastSwiftMigration = 0900;
					};
					607FACE41AFB9204008FA782 = {
						CreatedOnToolsVersion = 6.3.1;
						LastSwiftMigration = 1320;
						TestTargetID = 607FACCF1AFB9204008FA782;
					};
				};
			};
			buildConfigurationList = 607FACCB1AFB9204008FA782 /* Build configuration list for PBXProject "HiRouter" */;
			compatibilityVersion = "Xcode 3.2";
			developmentRegion = English;
			hasScannedForEncodings = 0;
			knownRegions = (
				English,
				en,
				Base,
			);
			mainGroup = 607FACC71AFB9204008FA782;
			productRefGroup = 607FACD11AFB9204008FA782 /* Products */;
			projectDirPath = "";
			projectRoot = "";
			targets = (
				607FACCF1AFB9204008FA782 /* HiRouter_Example */,
				607FACE41AFB9204008FA782 /* HiRouter_Tests */,
			);
		};
/* End PBXProject section */

/* Begin PBXResourcesBuildPhase section */
		607FACCE1AFB9204008FA782 /* Resources */ = {
			isa = PBXResourcesBuildPhase;
			buildActionMask = 2147483647;
			files = (
				607FACE01AFB9204008FA782 /* LaunchScreen.xib in Resources */,
				607FACDD1AFB9204008FA782 /* Images.xcassets in Resources */,
				3F31B7A6279FD56A00046163 /* web_test.html in Resources */,
			);
			runOnlyForDeploymentPostprocessing = 0;
		};
		607FACE31AFB9204008FA782 /* Resources */ = {
			isa = PBXResourcesBuildPhase;
			buildActionMask = 2147483647;
			files = (
			);
			runOnlyForDeploymentPostprocessing = 0;
		};
/* End PBXResourcesBuildPhase section */

/* Begin PBXShellScriptBuildPhase section */
		08B86230591716A2E4166C22 /* [CP-User] Run Flutter Build hi_flutter Script */ = {
			isa = PBXShellScriptBuildPhase;
			buildActionMask = 2147483647;
			files = (
			);
			name = "[CP-User] Run Flutter Build hi_flutter Script";
			runOnlyForDeploymentPostprocessing = 0;
			shellPath = /bin/sh;
			shellScript = "set -e\nset -u\nsource \"${SRCROOT}/../hi_flutter/.ios/Flutter/flutter_export_environment.sh\"\nexport VERBOSE_SCRIPT_LOGGING=1 && \"$FLUTTER_ROOT\"/packages/flutter_tools/bin/xcode_backend.sh build";
		};
		3FFD55EC27B2716B00B29EF1 /* [CP-User] Run Flutter Build multiple_flutters_module Script */ = {
			isa = PBXShellScriptBuildPhase;
			buildActionMask = 2147483647;
			files = (
			);
			inputFileListPaths = (
			);
			inputPaths = (
			);
			name = "[CP-User] Run Flutter Build multiple_flutters_module Script";
			outputFileListPaths = (
			);
			outputPaths = (
			);
			runOnlyForDeploymentPostprocessing = 0;
			shellPath = /bin/sh;
			shellScript = "set -e\nset -u\nsource \"${SRCROOT}/../hi_flutter/.ios/Flutter/flutter_export_environment.sh\"\nexport VERBOSE_SCRIPT_LOGGING=1 && \"$FLUTTER_ROOT\"/packages/flutter_tools/bin/xcode_backend.sh build && \"$FLUTTER_ROOT\"/packages/flutter_tools/bin/xcode_backend.sh embed\n";
		};
		B60BE7ACDE08E41706D00896 /* [CP] Check Pods Manifest.lock */ = {
			isa = PBXShellScriptBuildPhase;
			buildActionMask = 2147483647;
			files = (
			);
			inputFileListPaths = (
			);
			inputPaths = (
				"${PODS_PODFILE_DIR_PATH}/Podfile.lock",
				"${PODS_ROOT}/Manifest.lock",
			);
			name = "[CP] Check Pods Manifest.lock";
			outputFileListPaths = (
			);
			outputPaths = (
				"$(DERIVED_FILE_DIR)/Pods-HiRouter_Example-checkManifestLockResult.txt",
			);
			runOnlyForDeploymentPostprocessing = 0;
			shellPath = /bin/sh;
			shellScript = "diff \"${PODS_PODFILE_DIR_PATH}/Podfile.lock\" \"${PODS_ROOT}/Manifest.lock\" > /dev/null\nif [ $? != 0 ] ; then\n    # print error to STDERR\n    echo \"error: The sandbox is not in sync with the Podfile.lock. Run 'pod install' or update your CocoaPods installation.\" >&2\n    exit 1\nfi\n# This output is used by Xcode 'outputs' to avoid re-running this script phase.\necho \"SUCCESS\" > \"${SCRIPT_OUTPUT_FILE_0}\"\n";
			showEnvVarsInLog = 0;
		};
		B8AFF2C1A38AAE4B94E81B6B /* [CP] Check Pods Manifest.lock */ = {
			isa = PBXShellScriptBuildPhase;
			buildActionMask = 2147483647;
			files = (
			);
			inputFileListPaths = (
			);
			inputPaths = (
				"${PODS_PODFILE_DIR_PATH}/Podfile.lock",
				"${PODS_ROOT}/Manifest.lock",
			);
			name = "[CP] Check Pods Manifest.lock";
			outputFileListPaths = (
			);
			outputPaths = (
				"$(DERIVED_FILE_DIR)/Pods-HiRouter_Tests-checkManifestLockResult.txt",
			);
			runOnlyForDeploymentPostprocessing = 0;
			shellPath = /bin/sh;
			shellScript = "diff \"${PODS_PODFILE_DIR_PATH}/Podfile.lock\" \"${PODS_ROOT}/Manifest.lock\" > /dev/null\nif [ $? != 0 ] ; then\n    # print error to STDERR\n    echo \"error: The sandbox is not in sync with the Podfile.lock. Run 'pod install' or update your CocoaPods installation.\" >&2\n    exit 1\nfi\n# This output is used by Xcode 'outputs' to avoid re-running this script phase.\necho \"SUCCESS\" > \"${SCRIPT_OUTPUT_FILE_0}\"\n";
			showEnvVarsInLog = 0;
		};
		F596402945577EC54D2BBCA7 /* [CP] Embed Pods Frameworks */ = {
			isa = PBXShellScriptBuildPhase;
			buildActionMask = 2147483647;
			files = (
			);
			inputPaths = (
			);
			name = "[CP] Embed Pods Frameworks";
			outputPaths = (
			);
			runOnlyForDeploymentPostprocessing = 0;
			shellPath = /bin/sh;
			shellScript = "\"${PODS_ROOT}/Target Support Files/Pods-HiRouter_Example/Pods-HiRouter_Example-frameworks.sh\"\n";
			showEnvVarsInLog = 0;
		};
/* End PBXShellScriptBuildPhase section */

/* Begin PBXSourcesBuildPhase section */
		607FACCC1AFB9204008FA782 /* Sources */ = {
			isa = PBXSourcesBuildPhase;
			buildActionMask = 2147483647;
			files = (
				3F8C0D23278844B500237D17 /* PageMissingViewController.swift in Sources */,
				3F8C3F11278D715600237D17 /* WebRouter.swift in Sources */,
				3F55F7D22785461A00B46F40 /* NavigationViewController.swift in Sources */,
				3F55F7D82785483300B46F40 /* FlutterController.swift in Sources */,
				607FACD61AFB9204008FA782 /* AppDelegate.swift in Sources */,
				3F8C0D272788461000237D17 /* NativeRouter.swift in Sources */,
				3F55F7DC2785489F00B46F40 /* WebController.swift in Sources */,
				3F55F7D42785465E00B46F40 /* TabBarViewController.swift in Sources */,
				3F8C3F13278D722C00237D17 /* FlutterRouter.swift in Sources */,
				3F55F7DB2785489F00B46F40 /* NativeController.swift in Sources */,
				3F55F7D02785405700B46F40 /* HiFlutterViewController.swift in Sources */,
				3F8C3F15278D72D200237D17 /* AppDelegate+Router.swift in Sources */,
			);
			runOnlyForDeploymentPostprocessing = 0;
		};
		607FACE11AFB9204008FA782 /* Sources */ = {
			isa = PBXSourcesBuildPhase;
			buildActionMask = 2147483647;
			files = (
				3F8C0B4C2787EE5D00237D17 /* Tests.swift in Sources */,
			);
			runOnlyForDeploymentPostprocessing = 0;
		};
/* End PBXSourcesBuildPhase section */

/* Begin PBXTargetDependency section */
		607FACE71AFB9204008FA782 /* PBXTargetDependency */ = {
			isa = PBXTargetDependency;
			target = 607FACCF1AFB9204008FA782 /* HiRouter_Example */;
			targetProxy = 607FACE61AFB9204008FA782 /* PBXContainerItemProxy */;
		};
/* End PBXTargetDependency section */

/* Begin PBXVariantGroup section */
		607FACDE1AFB9204008FA782 /* LaunchScreen.xib */ = {
			isa = PBXVariantGroup;
			children = (
				607FACDF1AFB9204008FA782 /* Base */,
			);
			name = LaunchScreen.xib;
			sourceTree = "<group>";
		};
/* End PBXVariantGroup section */

/* Begin XCBuildConfiguration section */
		607FACED1AFB9204008FA782 /* Debug */ = {
			isa = XCBuildConfiguration;
			buildSettings = {
				ALWAYS_SEARCH_USER_PATHS = NO;
				CLANG_CXX_LANGUAGE_STANDARD = "gnu++0x";
				CLANG_CXX_LIBRARY = "libc++";
				CLANG_ENABLE_MODULES = YES;
				CLANG_ENABLE_OBJC_ARC = YES;
				CLANG_WARN_BLOCK_CAPTURE_AUTORELEASING = YES;
				CLANG_WARN_BOOL_CONVERSION = YES;
				CLANG_WARN_COMMA = YES;
				CLANG_WARN_CONSTANT_CONVERSION = YES;
				CLANG_WARN_DIRECT_OBJC_ISA_USAGE = YES_ERROR;
				CLANG_WARN_EMPTY_BODY = YES;
				CLANG_WARN_ENUM_CONVERSION = YES;
				CLANG_WARN_INFINITE_RECURSION = YES;
				CLANG_WARN_INT_CONVERSION = YES;
				CLANG_WARN_NON_LITERAL_NULL_CONVERSION = YES;
				CLANG_WARN_OBJC_LITERAL_CONVERSION = YES;
				CLANG_WARN_OBJC_ROOT_CLASS = YES_ERROR;
				CLANG_WARN_RANGE_LOOP_ANALYSIS = YES;
				CLANG_WARN_STRICT_PROTOTYPES = YES;
				CLANG_WARN_SUSPICIOUS_MOVE = YES;
				CLANG_WARN_UNREACHABLE_CODE = YES;
				CLANG_WARN__DUPLICATE_METHOD_MATCH = YES;
				"CODE_SIGN_IDENTITY[sdk=iphoneos*]" = "iPhone Developer";
				COPY_PHASE_STRIP = NO;
				DEBUG_INFORMATION_FORMAT = "dwarf-with-dsym";
				ENABLE_STRICT_OBJC_MSGSEND = YES;
				ENABLE_TESTABILITY = YES;
				GCC_C_LANGUAGE_STANDARD = gnu99;
				GCC_DYNAMIC_NO_PIC = NO;
				GCC_NO_COMMON_BLOCKS = YES;
				GCC_OPTIMIZATION_LEVEL = 0;
				GCC_PREPROCESSOR_DEFINITIONS = (
					"DEBUG=1",
					"$(inherited)",
				);
				GCC_SYMBOLS_PRIVATE_EXTERN = NO;
				GCC_WARN_64_TO_32_BIT_CONVERSION = YES;
				GCC_WARN_ABOUT_RETURN_TYPE = YES_ERROR;
				GCC_WARN_UNDECLARED_SELECTOR = YES;
				GCC_WARN_UNINITIALIZED_AUTOS = YES_AGGRESSIVE;
				GCC_WARN_UNUSED_FUNCTION = YES;
				GCC_WARN_UNUSED_VARIABLE = YES;
				IPHONEOS_DEPLOYMENT_TARGET = 9.3;
				MTL_ENABLE_DEBUG_INFO = YES;
				ONLY_ACTIVE_ARCH = YES;
				SDKROOT = iphoneos;
				SWIFT_OPTIMIZATION_LEVEL = "-Onone";
			};
			name = Debug;
		};
		607FACEE1AFB9204008FA782 /* Release */ = {
			isa = XCBuildConfiguration;
			buildSettings = {
				ALWAYS_SEARCH_USER_PATHS = NO;
				CLANG_CXX_LANGUAGE_STANDARD = "gnu++0x";
				CLANG_CXX_LIBRARY = "libc++";
				CLANG_ENABLE_MODULES = YES;
				CLANG_ENABLE_OBJC_ARC = YES;
				CLANG_WARN_BLOCK_CAPTURE_AUTORELEASING = YES;
				CLANG_WARN_BOOL_CONVERSION = YES;
				CLANG_WARN_COMMA = YES;
				CLANG_WARN_CONSTANT_CONVERSION = YES;
				CLANG_WARN_DIRECT_OBJC_ISA_USAGE = YES_ERROR;
				CLANG_WARN_EMPTY_BODY = YES;
				CLANG_WARN_ENUM_CONVERSION = YES;
				CLANG_WARN_INFINITE_RECURSION = YES;
				CLANG_WARN_INT_CONVERSION = YES;
				CLANG_WARN_NON_LITERAL_NULL_CONVERSION = YES;
				CLANG_WARN_OBJC_LITERAL_CONVERSION = YES;
				CLANG_WARN_OBJC_ROOT_CLASS = YES_ERROR;
				CLANG_WARN_RANGE_LOOP_ANALYSIS = YES;
				CLANG_WARN_STRICT_PROTOTYPES = YES;
				CLANG_WARN_SUSPICIOUS_MOVE = YES;
				CLANG_WARN_UNREACHABLE_CODE = YES;
				CLANG_WARN__DUPLICATE_METHOD_MATCH = YES;
				"CODE_SIGN_IDENTITY[sdk=iphoneos*]" = "iPhone Developer";
				COPY_PHASE_STRIP = NO;
				DEBUG_INFORMATION_FORMAT = "dwarf-with-dsym";
				ENABLE_NS_ASSERTIONS = NO;
				ENABLE_STRICT_OBJC_MSGSEND = YES;
				GCC_C_LANGUAGE_STANDARD = gnu99;
				GCC_NO_COMMON_BLOCKS = YES;
				GCC_WARN_64_TO_32_BIT_CONVERSION = YES;
				GCC_WARN_ABOUT_RETURN_TYPE = YES_ERROR;
				GCC_WARN_UNDECLARED_SELECTOR = YES;
				GCC_WARN_UNINITIALIZED_AUTOS = YES_AGGRESSIVE;
				GCC_WARN_UNUSED_FUNCTION = YES;
				GCC_WARN_UNUSED_VARIABLE = YES;
				IPHONEOS_DEPLOYMENT_TARGET = 9.3;
				MTL_ENABLE_DEBUG_INFO = NO;
				SDKROOT = iphoneos;
				SWIFT_OPTIMIZATION_LEVEL = "-Owholemodule";
				VALIDATE_PRODUCT = YES;
			};
			name = Release;
		};
		607FACF01AFB9204008FA782 /* Debug */ = {
			isa = XCBuildConfiguration;
			baseConfigurationReference = 0399C00D2B6F62D66D01A2C6 /* Pods-HiRouter_Example.debug.xcconfig */;
			buildSettings = {
				ASSETCATALOG_COMPILER_APPICON_NAME = AppIcon;
				ENABLE_TESTING_SEARCH_PATHS = NO;
				INFOPLIST_FILE = HiRouter/Info.plist;
				IPHONEOS_DEPLOYMENT_TARGET = 10.0;
				LD_RUNPATH_SEARCH_PATHS = "$(inherited) @executable_path/Frameworks";
				MODULE_NAME = ExampleApp;
				OTHER_SWIFT_FLAGS = "$(inherited) -D COCOAPODS -Xcc -fmodule-map-file=\"${PODS_CONFIGURATION_BUILD_DIR}/HiRouter/HiRouter.modulemap\" -Xcc -fmodule-map-file=\"${PODS_CONFIGURATION_BUILD_DIR}/SnapKit/SnapKit.modulemap\" -Xcc -fmodule-map-file=\"${PODS_ROOT}/Headers/Public/FlutterPluginRegistrant/FlutterPluginRegistrant.modulemap\" -DDEBUG";
				PRODUCT_BUNDLE_IDENTIFIER = "org.cocoapods.demo.$(PRODUCT_NAME:rfc1034identifier)";
				PRODUCT_NAME = "$(TARGET_NAME)";
				SWIFT_SWIFT3_OBJC_INFERENCE = Default;
				SWIFT_VERSION = 5.0;
			};
			name = Debug;
		};
		607FACF11AFB9204008FA782 /* Release */ = {
			isa = XCBuildConfiguration;
			baseConfigurationReference = 6A45DDE7B97C29BE8766D68C /* Pods-HiRouter_Example.release.xcconfig */;
			buildSettings = {
				ASSETCATALOG_COMPILER_APPICON_NAME = AppIcon;
				ENABLE_TESTING_SEARCH_PATHS = NO;
				INFOPLIST_FILE = HiRouter/Info.plist;
				IPHONEOS_DEPLOYMENT_TARGET = 10.0;
				LD_RUNPATH_SEARCH_PATHS = "$(inherited) @executable_path/Frameworks";
				MODULE_NAME = ExampleApp;
				PRODUCT_BUNDLE_IDENTIFIER = "org.cocoapods.demo.$(PRODUCT_NAME:rfc1034identifier)";
				PRODUCT_NAME = "$(TARGET_NAME)";
				SWIFT_SWIFT3_OBJC_INFERENCE = Default;
				SWIFT_VERSION = 5.0;
			};
			name = Release;
		};
		607FACF31AFB9204008FA782 /* Debug */ = {
			isa = XCBuildConfiguration;
			baseConfigurationReference = DFB8D5F85E84191DAC7D75E0 /* Pods-HiRouter_Tests.debug.xcconfig */;
			buildSettings = {
				CLANG_ENABLE_MODULES = YES;
				FRAMEWORK_SEARCH_PATHS = (
					"$(PLATFORM_DIR)/Developer/Library/Frameworks",
					"$(inherited)",
				);
				GCC_PREPROCESSOR_DEFINITIONS = (
					"DEBUG=1",
					"$(inherited)",
				);
				INFOPLIST_FILE = Tests/Info.plist;
				LD_RUNPATH_SEARCH_PATHS = "$(inherited) @executable_path/Frameworks @loader_path/Frameworks";
				PRODUCT_BUNDLE_IDENTIFIER = "org.cocoapods.$(PRODUCT_NAME:rfc1034identifier)";
				PRODUCT_NAME = "$(TARGET_NAME)";
				SWIFT_OBJC_BRIDGING_HEADER = "";
				SWIFT_OPTIMIZATION_LEVEL = "-Onone";
				SWIFT_SWIFT3_OBJC_INFERENCE = Default;
				SWIFT_VERSION = 5.0;
				TEST_HOST = "$(BUILT_PRODUCTS_DIR)/HiRouter_Example.app/HiRouter_Example";
			};
			name = Debug;
		};
		607FACF41AFB9204008FA782 /* Release */ = {
			isa = XCBuildConfiguration;
			baseConfigurationReference = 2148EE05714EB9764F296BFE /* Pods-HiRouter_Tests.release.xcconfig */;
			buildSettings = {
				CLANG_ENABLE_MODULES = YES;
				FRAMEWORK_SEARCH_PATHS = (
					"$(PLATFORM_DIR)/Developer/Library/Frameworks",
					"$(inherited)",
				);
				INFOPLIST_FILE = Tests/Info.plist;
				LD_RUNPATH_SEARCH_PATHS = "$(inherited) @executable_path/Frameworks @loader_path/Frameworks";
				PRODUCT_BUNDLE_IDENTIFIER = "org.cocoapods.$(PRODUCT_NAME:rfc1034identifier)";
				PRODUCT_NAME = "$(TARGET_NAME)";
				SWIFT_OBJC_BRIDGING_HEADER = "";
				SWIFT_SWIFT3_OBJC_INFERENCE = Default;
				SWIFT_VERSION = 5.0;
				TEST_HOST = "$(BUILT_PRODUCTS_DIR)/HiRouter_Example.app/HiRouter_Example";
			};
			name = Release;
		};
/* End XCBuildConfiguration section */

/* Begin XCConfigurationList section */
		607FACCB1AFB9204008FA782 /* Build configuration list for PBXProject "HiRouter" */ = {
			isa = XCConfigurationList;
			buildConfigurations = (
				607FACED1AFB9204008FA782 /* Debug */,
				607FACEE1AFB9204008FA782 /* Release */,
			);
			defaultConfigurationIsVisible = 0;
			defaultConfigurationName = Release;
		};
		607FACEF1AFB9204008FA782 /* Build configuration list for PBXNativeTarget "HiRouter_Example" */ = {
			isa = XCConfigurationList;
			buildConfigurations = (
				607FACF01AFB9204008FA782 /* Debug */,
				607FACF11AFB9204008FA782 /* Release */,
			);
			defaultConfigurationIsVisible = 0;
			defaultConfigurationName = Release;
		};
		607FACF21AFB9204008FA782 /* Build configuration list for PBXNativeTarget "HiRouter_Tests" */ = {
			isa = XCConfigurationList;
			buildConfigurations = (
				607FACF31AFB9204008FA782 /* Debug */,
				607FACF41AFB9204008FA782 /* Release */,
			);
			defaultConfigurationIsVisible = 0;
			defaultConfigurationName = Release;
		};
/* End XCConfigurationList section */
	};
	rootObject = 607FACC81AFB9204008FA782 /* Project object */;
}
